// !$*UTF8*$!
{
	archiveVersion = 1;
	classes = {
	};
	objectVersion = 46;
	objects = {

/* Begin PBXBuildFile section */
		FFBA9CA81ECBDBD400D3CB0F /* AppDelegate.swift in Sources */ = {isa = PBXBuildFile; fileRef = FFBA9CA71ECBDBD400D3CB0F /* AppDelegate.swift */; };
		FFBA9CAA1ECBDBD400D3CB0F /* ViewController.swift in Sources */ = {isa = PBXBuildFile; fileRef = FFBA9CA91ECBDBD400D3CB0F /* ViewController.swift */; };
		FFBA9CAD1ECBDBD400D3CB0F /* Main.storyboard in Resources */ = {isa = PBXBuildFile; fileRef = FFBA9CAB1ECBDBD400D3CB0F /* Main.storyboard */; };
		FFBA9CAF1ECBDBD400D3CB0F /* Assets.xcassets in Resources */ = {isa = PBXBuildFile; fileRef = FFBA9CAE1ECBDBD400D3CB0F /* Assets.xcassets */; };
		FFBA9CB21ECBDBD400D3CB0F /* LaunchScreen.storyboard in Resources */ = {isa = PBXBuildFile; fileRef = FFBA9CB01ECBDBD400D3CB0F /* LaunchScreen.storyboard */; };
/* End PBXBuildFile section */

/* Begin PBXFileReference section */
		FFBA9CA41ECBDBD400D3CB0F /* test app.app */ = {isa = PBXFileReference; explicitFileType = wrapper.application; includeInIndex = 0; path = "test app.app"; sourceTree = BUILT_PRODUCTS_DIR; };
		FFBA9CA71ECBDBD400D3CB0F /* AppDelegate.swift */ = {isa = PBXFileReference; lastKnownFileType = sourcecode.swift; path = AppDelegate.swift; sourceTree = "<group>"; };
		FFBA9CA91ECBDBD400D3CB0F /* ViewController.swift */ = {isa = PBXFileReference; lastKnownFileType = sourcecode.swift; path = ViewController.swift; sourceTree = "<group>"; };
		FFBA9CAC1ECBDBD400D3CB0F /* Base */ = {isa = PBXFileReference; lastKnownFileType = file.storyboard; name = Base; path = Base.lproj/Main.storyboard; sourceTree = "<group>"; };
		FFBA9CAE1ECBDBD400D3CB0F /* Assets.xcassets */ = {isa = PBXFileReference; lastKnownFileType = folder.assetcatalog; path = Assets.xcassets; sourceTree = "<group>"; };
		FFBA9CB11ECBDBD400D3CB0F /* Base */ = {isa = PBXFileReference; lastKnownFileType = file.storyboard; name = Base; path = Base.lproj/LaunchScreen.storyboard; sourceTree = "<group>"; };
		FFBA9CB31ECBDBD400D3CB0F /* Info.plist */ = {isa = PBXFileReference; lastKnownFileType = text.plist.xml; path = Info.plist; sourceTree = "<group>"; };
/* End PBXFileReference section */

/* Begin PBXFrameworksBuildPhase section */
		FFBA9CA11ECBDBD400D3CB0F /* Frameworks */ = {
			isa = PBXFrameworksBuildPhase;
			buildActionMask = 2147483647;
			files = (
			);
			runOnlyForDeploymentPostprocessing = 0;
		};
/* End PBXFrameworksBuildPhase section */

/* Begin PBXGroup section */
		FFBA9C9B1ECBDBD400D3CB0F = {
			isa = PBXGroup;
			children = (
				FFBA9CA61ECBDBD400D3CB0F /* test app */,
				FFBA9CA51ECBDBD400D3CB0F /* Products */,
			);
			sourceTree = "<group>";
		};
		FFBA9CA51ECBDBD400D3CB0F /* Products */ = {
			isa = PBXGroup;
			children = (
				FFBA9CA41ECBDBD400D3CB0F /* test app.app */,
			);
			name = Products;
			sourceTree = "<group>";
		};
		FFBA9CA61ECBDBD400D3CB0F /* test app */ = {
			isa = PBXGroup;
			children = (
				FFBA9CA71ECBDBD400D3CB0F /* AppDelegate.swift */,
				FFBA9CA91ECBDBD400D3CB0F /* ViewController.swift */,
				FFBA9CAB1ECBDBD400D3CB0F /* Main.storyboard */,
				FFBA9CAE1ECBDBD400D3CB0F /* Assets.xcassets */,
				FFBA9CB01ECBDBD400D3CB0F /* LaunchScreen.storyboard */,
				FFBA9CB31ECBDBD400D3CB0F /* Info.plist */,
			);
			path = "test app";
			sourceTree = "<group>";
		};
/* End PBXGroup section */

/* Begin PBXNativeTarget section */
		FFBA9CA31ECBDBD400D3CB0F /* test app */ = {
			isa = PBXNativeTarget;
			buildConfigurationList = FFBA9CB61ECBDBD400D3CB0F /* Build configuration list for PBXNativeTarget "test app" */;
			buildPhases = (
				FFBA9CA01ECBDBD400D3CB0F /* Sources */,
				FFBA9CA11ECBDBD400D3CB0F /* Frameworks */,
				FFBA9CA21ECBDBD400D3CB0F /* Resources */,
			);
			buildRules = (
			);
			dependencies = (
			);
			name = "test app";
			productName = "test app";
			productReference = FFBA9CA41ECBDBD400D3CB0F /* test app.app */;
			productType = "com.apple.product-type.application";
		};
/* End PBXNativeTarget section */

/* Begin PBXProject section */
		FFBA9C9C1ECBDBD400D3CB0F /* Project object */ = {
			isa = PBXProject;
			attributes = {
				LastSwiftUpdateCheck = 0820;
				LastUpgradeCheck = 0820;
				ORGANIZATIONNAME = "Edan Reynolds";
				TargetAttributes = {
					FFBA9CA31ECBDBD400D3CB0F = {
						CreatedOnToolsVersion = 8.2.1;
						DevelopmentTeam = 883XS9PX67;
						ProvisioningStyle = Automatic;
					};
				};
			};
			buildConfigurationList = FFBA9C9F1ECBDBD400D3CB0F /* Build configuration list for PBXProject "test app" */;
			compatibilityVersion = "Xcode 3.2";
			developmentRegion = English;
			hasScannedForEncodings = 0;
			knownRegions = (
				en,
				Base,
			);
			mainGroup = FFBA9C9B1ECBDBD400D3CB0F;
			productRefGroup = FFBA9CA51ECBDBD400D3CB0F /* Products */;
			projectDirPath = "";
			projectRoot = "";
			targets = (
				FFBA9CA31ECBDBD400D3CB0F /* test app */,
			);
		};
/* End PBXProject section */

/* Begin PBXResourcesBuildPhase section */
		FFBA9CA21ECBDBD400D3CB0F /* Resources */ = {
			isa = PBXResourcesBuildPhase;
			buildActionMask = 2147483647;
			files = (
				FFBA9CB21ECBDBD400D3CB0F /* LaunchScreen.storyboard in Resources */,
				FFBA9CAF1ECBDBD400D3CB0F /* Assets.xcassets in Resources */,
				FFBA9CAD1ECBDBD400D3CB0F /* Main.storyboard in Resources */,
			);
			runOnlyForDeploymentPostprocessing = 0;
		};
/* End PBXResourcesBuildPhase section */

/* Begin PBXSourcesBuildPhase section */
		FFBA9CA01ECBDBD400D3CB0F /* Sources */ = {
			isa = PBXSourcesBuildPhase;
			buildActionMask = 2147483647;
			files = (
				FFBA9CAA1ECBDBD400D3CB0F /* ViewController.swift in Sources */,
				FFBA9CA81ECBDBD400D3CB0F /* AppDelegate.swift in Sources */,
			);
			runOnlyForDeploymentPostprocessing = 0;
		};
/* End PBXSourcesBuildPhase section */

/* Begin PBXVariantGroup section */
		FFBA9CAB1ECBDBD400D3CB0F /* Main.storyboard */ = {
			isa = PBXVariantGroup;
			children = (
				FFBA9CAC1ECBDBD400D3CB0F /* Base */,
			);
			name = Main.storyboard;
			sourceTree = "<group>";
		};
		FFBA9CB01ECBDBD400D3CB0F /* LaunchScreen.storyboard */ = {
			isa = PBXVariantGroup;
			children = (
				FFBA9CB11ECBDBD400D3CB0F /* Base */,
			);
			name = LaunchScreen.storyboard;
			sourceTree = "<group>";
		};
/* End PBXVariantGroup section */

/* Begin XCBuildConfiguration section */
		FFBA9CB41ECBDBD400D3CB0F /* Debug */ = {
			isa = XCBuildConfiguration;
			buildSettings = {
				ALWAYS_SEARCH_USER_PATHS = NO;
				CLANG_ANALYZER_NONNULL = YES;
				CLANG_CXX_LANGUAGE_STANDARD = "gnu++0x";
				CLANG_CXX_LIBRARY = "libc++";
				CLANG_ENABLE_MODULES = YES;
				CLANG_ENABLE_OBJC_ARC = YES;
				CLANG_WARN_BOOL_CONVERSION = YES;
				CLANG_WARN_CONSTANT_CONVERSION = YES;
				CLANG_WARN_DIRECT_OBJC_ISA_USAGE = YES_ERROR;
				CLANG_WARN_DOCUMENTATION_COMMENTS = YES;
				CLANG_WARN_EMPTY_BODY = YES;
				CLANG_WARN_ENUM_CONVERSION = YES;
				CLANG_WARN_INFINITE_RECURSION = YES;
				CLANG_WARN_INT_CONVERSION = YES;
				CLANG_WARN_OBJC_ROOT_CLASS = YES_ERROR;
				CLANG_WARN_SUSPICIOUS_MOVE = YES;
				CLANG_WARN_UNREACHABLE_CODE = YES;
				CLANG_WARN__DUPLICATE_METHOD_MATCH = YES;
				"CODE_SIGN_IDENTITY[sdk=iphoneos*]" = "iPhone Developer";
				COPY_PHASE_STRIP = NO;
				DEBUG_INFORMATION_FORMAT = dwarf;
				ENABLE_STRICT_OBJC_MSGSEND = YES;
				ENABLE_TESTABILITY = YES;
				GCC_C_LANGUAGE_STANDARD = gnu99;
				GCC_DYNAMIC_NO_PIC = NO;
				GCC_NO_COMMON_BLOCKS = YES;
				GCC_OPTIMIZATION_LEVEL = 0;
				GCC_PREPROCESSOR_DEFINITIONS = (
					"DEBUG=1",
					"$(inherited)",
				);
				GCC_WARN_64_TO_32_BIT_CONVERSION = YES;
				GCC_WARN_ABOUT_RETURN_TYPE = YES_ERROR;
				GCC_WARN_UNDECLARED_SELECTOR = YES;
				GCC_WARN_UNINITIALIZED_AUTOS = YES_AGGRESSIVE;
				GCC_WARN_UNUSED_FUNCTION = YES;
				GCC_WARN_UNUSED_VARIABLE = YES;
				IPHONEOS_DEPLOYMENT_TARGET = 10.2;
				MTL_ENABLE_DEBUG_INFO = YES;
				ONLY_ACTIVE_ARCH = YES;
				SDKROOT = iphoneos;
				SWIFT_ACTIVE_COMPILATION_CONDITIONS = DEBUG;
				SWIFT_OPTIMIZATION_LEVEL = "-Onone";
			};
			name = Debug;
		};
		FFBA9CB51ECBDBD400D3CB0F /* Release */ = {
			isa = XCBuildConfiguration;
			buildSettings = {
				ALWAYS_SEARCH_USER_PATHS = NO;
				CLANG_ANALYZER_NONNULL = YES;
				CLANG_CXX_LANGUAGE_STANDARD = "gnu++0x";
				CLANG_CXX_LIBRARY = "libc++";
				CLANG_ENABLE_MODULES = YES;
				CLANG_ENABLE_OBJC_ARC = YES;
				CLANG_WARN_BOOL_CONVERSION = YES;
				CLANG_WARN_CONSTANT_CONVERSION = YES;
				CLANG_WARN_DIRECT_OBJC_ISA_USAGE = YES_ERROR;
				CLANG_WARN_DOCUMENTATION_COMMENTS = YES;
				CLANG_WARN_EMPTY_BODY = YES;
				CLANG_WARN_ENUM_CONVERSION = YES;
				CLANG_WARN_INFINITE_RECURSION = YES;
				CLANG_WARN_INT_CONVERSION = YES;
				CLANG_WARN_OBJC_ROOT_CLASS = YES_ERROR;
				CLANG_WARN_SUSPICIOUS_MOVE = YES;
				CLANG_WARN_UNREACHABLE_CODE = YES;
				CLANG_WARN__DUPLICATE_METHOD_MATCH = YES;
				"CODE_SIGN_IDENTITY[sdk=iphoneos*]" = "iPhone Developer";
				COPY_PHASE_STRIP = NO;
				DEBUG_INFORMATION_FORMAT = "dwarf-with-dsym";
				ENABLE_NS_ASSERTIONS = NO;
				ENABLE_STRICT_OBJC_MSGSEND = YES;
				GCC_C_LANGUAGE_STANDARD = gnu99;
				GCC_NO_COMMON_BLOCKS = YES;
				GCC_WARN_64_TO_32_BIT_CONVERSION = YES;
				GCC_WARN_ABOUT_RETURN_TYPE = YES_ERROR;
				GCC_WARN_UNDECLARED_SELECTOR = YES;
				GCC_WARN_UNINITIALIZED_AUTOS = YES_AGGRESSIVE;
				GCC_WARN_UNUSED_FUNCTION = YES;
				GCC_WARN_UNUSED_VARIABLE = YES;
				IPHONEOS_DEPLOYMENT_TARGET = 10.2;
				MTL_ENABLE_DEBUG_INFO = NO;
				SDKROOT = iphoneos;
				SWIFT_OPTIMIZATION_LEVEL = "-Owholemodule";
				VALIDATE_PRODUCT = YES;
			};
			name = Release;
		};
		FFBA9CB71ECBDBD400D3CB0F /* Debug */ = {
			isa = XCBuildConfiguration;
			buildSettings = {
				ASSETCATALOG_COMPILER_APPICON_NAME = AppIcon;
				DEVELOPMENT_TEAM = 883XS9PX67;
				INFOPLIST_FILE = "test app/Info.plist";
				LD_RUNPATH_SEARCH_PATHS = "$(inherited) @executable_path/Frameworks";
				PRODUCT_BUNDLE_IDENTIFIER = "com.cgscomputing.EdanReynolds.test-app";
				PRODUCT_NAME = "$(TARGET_NAME)";
				SWIFT_VERSION = 3.0;
			};
			name = Debug;
		};
		FFBA9CB81ECBDBD400D3CB0F /* Release */ = {
			isa = XCBuildConfiguration;
			buildSettings = {
				ASSETCATALOG_COMPILER_APPICON_NAME = AppIcon;
				DEVELOPMENT_TEAM = 883XS9PX67;
				INFOPLIST_FILE = "test app/Info.plist";
				LD_RUNPATH_SEARCH_PATHS = "$(inherited) @executable_path/Frameworks";
				PRODUCT_BUNDLE_IDENTIFIER = "com.cgscomputing.EdanReynolds.test-app";
				PRODUCT_NAME = "$(TARGET_NAME)";
				SWIFT_VERSION = 3.0;
			};
			name = Release;
		};
/* End XCBuildConfiguration section */

/* Begin XCConfigurationList section */
		FFBA9C9F1ECBDBD400D3CB0F /* Build configuration list for PBXProject "test app" */ = {
			isa = XCConfigurationList;
			buildConfigurations = (
				FFBA9CB41ECBDBD400D3CB0F /* Debug */,
				FFBA9CB51ECBDBD400D3CB0F /* Release */,
			);
			defaultConfigurationIsVisible = 0;
			defaultConfigurationName = Release;
		};
		FFBA9CB61ECBDBD400D3CB0F /* Build configuration list for PBXNativeTarget "test app" */ = {
			isa = XCConfigurationList;
			buildConfigurations = (
				FFBA9CB71ECBDBD400D3CB0F /* Debug */,
				FFBA9CB81ECBDBD400D3CB0F /* Release */,
			);
			defaultConfigurationIsVisible = 0;
		};
/* End XCConfigurationList section */
	};
	rootObject = FFBA9C9C1ECBDBD400D3CB0F /* Project object */;
}
